
Microsoft Visual Studio Solution File, Format Version 12.00
# Visual Studio Version 17
VisualStudioVersion = 17.10.35122.118
MinimumVisualStudioVersion = 10.0.40219.1
Project("{FAE04EC0-301F-11D3-BF4B-00C04F79EFBC}") = "WinForms", "WinForms\WinForms.csproj", "{5BED086A-54A7-4166-91F1-A2D87A636163}"
EndProject
Project("{2150E333-8FDC-42A3-9474-1A3956D46DE8}") = "Элементы решения", "Элементы решения", "{B3DBFBDA-F062-4B3E-A10C-83A9F7615559}"
EndProject
Global
	GlobalSection(SolutionConfigurationPlatforms) = preSolution
		Debug|Any CPU = Debug|Any CPU
		Release|Any CPU = Release|Any CPU
	EndGlobalSection
	GlobalSection(ProjectConfigurationPlatforms) = postSolution
		{5BED086A-54A7-4166-91F1-A2D87A636163}.Debug|Any CPU.ActiveCfg = Debug|Any CPU
		{5BED086A-54A7-4166-91F1-A2D87A636163}.Debug|Any CPU.Build.0 = Debug|Any CPU
		{5BED086A-54A7-4166-91F1-A2D87A636163}.Release|Any CPU.ActiveCfg = Release|Any CPU
		{5BED086A-54A7-4166-91F1-A2D87A636163}.Release|Any CPU.Build.0 = Release|Any CPU
	EndGlobalSection
	GlobalSection(SolutionProperties) = preSolution
		HideSolutionNode = FALSE
	EndGlobalSection
	GlobalSection(ExtensibilityGlobals) = postSolution
		SolutionGuid = {8058CF83-3C2D-4DE9-A253-3BFAECF336B9}
	EndGlobalSection
EndGlobal
